
Microsoft Visual Studio Solution File, Format Version 12.00
# Visual Studio Version 16
VisualStudioVersion = 16.0.810.10
MinimumVisualStudioVersion = 10.0.40219.1
Project("{FAE04EC0-301F-11D3-BF4B-00C04F79EFBC}") = "indexer", "indexer\indexer.csproj", "{7F4ADC70-20AE-423B-9D46-FABEE2E9F5D2}"
EndProject
Project("{FAE04EC0-301F-11D3-BF4B-00C04F79EFBC}") = "ConsoleSearch", "ConsoleSearch\ConsoleSearch.csproj", "{8DF99C5C-09E2-430F-8DAD-5052DF2A9076}"
EndProject
Project("{2150E333-8FDC-42A3-9474-1A3956D46DE8}") = "Solution Items", "Solution Items", "{72D568E9-23A6-46FD-97F0-7411FC0B2C8D}"
	ProjectSection(SolutionItems) = preProject
		README.txt = README.txt
	EndProjectSection
EndProject
Project("{FAE04EC0-301F-11D3-BF4B-00C04F79EFBC}") = "Shared", "Shared\Shared.csproj", "{3551940F-5CAC-4EB7-8514-629705C73335}"
EndProject
Project("{FAE04EC0-301F-11D3-BF4B-00C04F79EFBC}") = "SearchCore", "SearchCore\SearchCore.csproj", "{EC096B1F-05A4-4C7F-9B68-CA40213249BE}"
EndProject
Project("{FAE04EC0-301F-11D3-BF4B-00C04F79EFBC}") = "API", "API\API.csproj", "{56AAFDE8-E6FD-48B4-BB21-3DFD540EBC94}"
EndProject
Project("{FAE04EC0-301F-11D3-BF4B-00C04F79EFBC}") = "SearchRepository", "SearchRepository\SearchRepository.csproj", "{CB3D00FB-4AEE-49FE-BDA6-1C0956F61C45}"
EndProject
Project("{FAE04EC0-301F-11D3-BF4B-00C04F79EFBC}") = "SearchFrontend", "SearchFrontend\SearchFrontend.csproj", "{26E3E9D2-E0F3-4C55-B23A-C3D532AA04DB}"
EndProject
Global
	GlobalSection(SolutionConfigurationPlatforms) = preSolution
		Debug|Any CPU = Debug|Any CPU
		Debug|x64 = Debug|x64
		Debug|x86 = Debug|x86
		Release|Any CPU = Release|Any CPU
		Release|x64 = Release|x64
		Release|x86 = Release|x86
	EndGlobalSection
	GlobalSection(ProjectConfigurationPlatforms) = postSolution
		{7F4ADC70-20AE-423B-9D46-FABEE2E9F5D2}.Debug|Any CPU.ActiveCfg = Debug|Any CPU
		{7F4ADC70-20AE-423B-9D46-FABEE2E9F5D2}.Debug|Any CPU.Build.0 = Debug|Any CPU
		{7F4ADC70-20AE-423B-9D46-FABEE2E9F5D2}.Debug|x64.ActiveCfg = Debug|Any CPU
		{7F4ADC70-20AE-423B-9D46-FABEE2E9F5D2}.Debug|x64.Build.0 = Debug|Any CPU
		{7F4ADC70-20AE-423B-9D46-FABEE2E9F5D2}.Debug|x86.ActiveCfg = Debug|Any CPU
		{7F4ADC70-20AE-423B-9D46-FABEE2E9F5D2}.Debug|x86.Build.0 = Debug|Any CPU
		{7F4ADC70-20AE-423B-9D46-FABEE2E9F5D2}.Release|Any CPU.ActiveCfg = Release|Any CPU
		{7F4ADC70-20AE-423B-9D46-FABEE2E9F5D2}.Release|Any CPU.Build.0 = Release|Any CPU
		{7F4ADC70-20AE-423B-9D46-FABEE2E9F5D2}.Release|x64.ActiveCfg = Release|Any CPU
		{7F4ADC70-20AE-423B-9D46-FABEE2E9F5D2}.Release|x64.Build.0 = Release|Any CPU
		{7F4ADC70-20AE-423B-9D46-FABEE2E9F5D2}.Release|x86.ActiveCfg = Release|Any CPU
		{7F4ADC70-20AE-423B-9D46-FABEE2E9F5D2}.Release|x86.Build.0 = Release|Any CPU
		{8DF99C5C-09E2-430F-8DAD-5052DF2A9076}.Debug|Any CPU.ActiveCfg = Debug|Any CPU
		{8DF99C5C-09E2-430F-8DAD-5052DF2A9076}.Debug|Any CPU.Build.0 = Debug|Any CPU
		{8DF99C5C-09E2-430F-8DAD-5052DF2A9076}.Debug|x64.ActiveCfg = Debug|Any CPU
		{8DF99C5C-09E2-430F-8DAD-5052DF2A9076}.Debug|x64.Build.0 = Debug|Any CPU
		{8DF99C5C-09E2-430F-8DAD-5052DF2A9076}.Debug|x86.ActiveCfg = Debug|Any CPU
		{8DF99C5C-09E2-430F-8DAD-5052DF2A9076}.Debug|x86.Build.0 = Debug|Any CPU
		{8DF99C5C-09E2-430F-8DAD-5052DF2A9076}.Release|Any CPU.ActiveCfg = Release|Any CPU
		{8DF99C5C-09E2-430F-8DAD-5052DF2A9076}.Release|Any CPU.Build.0 = Release|Any CPU
		{8DF99C5C-09E2-430F-8DAD-5052DF2A9076}.Release|x64.ActiveCfg = Release|Any CPU
		{8DF99C5C-09E2-430F-8DAD-5052DF2A9076}.Release|x64.Build.0 = Release|Any CPU
		{8DF99C5C-09E2-430F-8DAD-5052DF2A9076}.Release|x86.ActiveCfg = Release|Any CPU
		{8DF99C5C-09E2-430F-8DAD-5052DF2A9076}.Release|x86.Build.0 = Release|Any CPU
		{3551940F-5CAC-4EB7-8514-629705C73335}.Debug|Any CPU.ActiveCfg = Debug|Any CPU
		{3551940F-5CAC-4EB7-8514-629705C73335}.Debug|Any CPU.Build.0 = Debug|Any CPU
		{3551940F-5CAC-4EB7-8514-629705C73335}.Debug|x64.ActiveCfg = Debug|Any CPU
		{3551940F-5CAC-4EB7-8514-629705C73335}.Debug|x64.Build.0 = Debug|Any CPU
		{3551940F-5CAC-4EB7-8514-629705C73335}.Debug|x86.ActiveCfg = Debug|Any CPU
		{3551940F-5CAC-4EB7-8514-629705C73335}.Debug|x86.Build.0 = Debug|Any CPU
		{3551940F-5CAC-4EB7-8514-629705C73335}.Release|Any CPU.ActiveCfg = Release|Any CPU
		{3551940F-5CAC-4EB7-8514-629705C73335}.Release|Any CPU.Build.0 = Release|Any CPU
		{3551940F-5CAC-4EB7-8514-629705C73335}.Release|x64.ActiveCfg = Release|Any CPU
		{3551940F-5CAC-4EB7-8514-629705C73335}.Release|x64.Build.0 = Release|Any CPU
		{3551940F-5CAC-4EB7-8514-629705C73335}.Release|x86.ActiveCfg = Release|Any CPU
		{3551940F-5CAC-4EB7-8514-629705C73335}.Release|x86.Build.0 = Release|Any CPU
		{EC096B1F-05A4-4C7F-9B68-CA40213249BE}.Debug|Any CPU.ActiveCfg = Debug|Any CPU
		{EC096B1F-05A4-4C7F-9B68-CA40213249BE}.Debug|Any CPU.Build.0 = Debug|Any CPU
		{EC096B1F-05A4-4C7F-9B68-CA40213249BE}.Debug|x64.ActiveCfg = Debug|Any CPU
		{EC096B1F-05A4-4C7F-9B68-CA40213249BE}.Debug|x64.Build.0 = Debug|Any CPU
		{EC096B1F-05A4-4C7F-9B68-CA40213249BE}.Debug|x86.ActiveCfg = Debug|Any CPU
		{EC096B1F-05A4-4C7F-9B68-CA40213249BE}.Debug|x86.Build.0 = Debug|Any CPU
		{EC096B1F-05A4-4C7F-9B68-CA40213249BE}.Release|Any CPU.ActiveCfg = Release|Any CPU
		{EC096B1F-05A4-4C7F-9B68-CA40213249BE}.Release|Any CPU.Build.0 = Release|Any CPU
		{EC096B1F-05A4-4C7F-9B68-CA40213249BE}.Release|x64.ActiveCfg = Release|Any CPU
		{EC096B1F-05A4-4C7F-9B68-CA40213249BE}.Release|x64.Build.0 = Release|Any CPU
		{EC096B1F-05A4-4C7F-9B68-CA40213249BE}.Release|x86.ActiveCfg = Release|Any CPU
		{EC096B1F-05A4-4C7F-9B68-CA40213249BE}.Release|x86.Build.0 = Release|Any CPU
		{56AAFDE8-E6FD-48B4-BB21-3DFD540EBC94}.Debug|Any CPU.ActiveCfg = Debug|Any CPU
		{56AAFDE8-E6FD-48B4-BB21-3DFD540EBC94}.Debug|Any CPU.Build.0 = Debug|Any CPU
		{56AAFDE8-E6FD-48B4-BB21-3DFD540EBC94}.Debug|x64.ActiveCfg = Debug|Any CPU
		{56AAFDE8-E6FD-48B4-BB21-3DFD540EBC94}.Debug|x64.Build.0 = Debug|Any CPU
		{56AAFDE8-E6FD-48B4-BB21-3DFD540EBC94}.Debug|x86.ActiveCfg = Debug|Any CPU
		{56AAFDE8-E6FD-48B4-BB21-3DFD540EBC94}.Debug|x86.Build.0 = Debug|Any CPU
		{56AAFDE8-E6FD-48B4-BB21-3DFD540EBC94}.Release|Any CPU.ActiveCfg = Release|Any CPU
		{56AAFDE8-E6FD-48B4-BB21-3DFD540EBC94}.Release|Any CPU.Build.0 = Release|Any CPU
		{56AAFDE8-E6FD-48B4-BB21-3DFD540EBC94}.Release|x64.ActiveCfg = Release|Any CPU
		{56AAFDE8-E6FD-48B4-BB21-3DFD540EBC94}.Release|x64.Build.0 = Release|Any CPU
		{56AAFDE8-E6FD-48B4-BB21-3DFD540EBC94}.Release|x86.ActiveCfg = Release|Any CPU
		{56AAFDE8-E6FD-48B4-BB21-3DFD540EBC94}.Release|x86.Build.0 = Release|Any CPU
		{CB3D00FB-4AEE-49FE-BDA6-1C0956F61C45}.Debug|Any CPU.ActiveCfg = Debug|Any CPU
		{CB3D00FB-4AEE-49FE-BDA6-1C0956F61C45}.Debug|Any CPU.Build.0 = Debug|Any CPU
		{CB3D00FB-4AEE-49FE-BDA6-1C0956F61C45}.Debug|x64.ActiveCfg = Debug|Any CPU
		{CB3D00FB-4AEE-49FE-BDA6-1C0956F61C45}.Debug|x64.Build.0 = Debug|Any CPU
		{CB3D00FB-4AEE-49FE-BDA6-1C0956F61C45}.Debug|x86.ActiveCfg = Debug|Any CPU
		{CB3D00FB-4AEE-49FE-BDA6-1C0956F61C45}.Debug|x86.Build.0 = Debug|Any CPU
		{CB3D00FB-4AEE-49FE-BDA6-1C0956F61C45}.Release|Any CPU.ActiveCfg = Release|Any CPU
		{CB3D00FB-4AEE-49FE-BDA6-1C0956F61C45}.Release|Any CPU.Build.0 = Release|Any CPU
		{CB3D00FB-4AEE-49FE-BDA6-1C0956F61C45}.Release|x64.ActiveCfg = Release|Any CPU
		{CB3D00FB-4AEE-49FE-BDA6-1C0956F61C45}.Release|x64.Build.0 = Release|Any CPU
		{CB3D00FB-4AEE-49FE-BDA6-1C0956F61C45}.Release|x86.ActiveCfg = Release|Any CPU
		{CB3D00FB-4AEE-49FE-BDA6-1C0956F61C45}.Release|x86.Build.0 = Release|Any CPU
		{26E3E9D2-E0F3-4C55-B23A-C3D532AA04DB}.Debug|Any CPU.ActiveCfg = Debug|Any CPU
		{26E3E9D2-E0F3-4C55-B23A-C3D532AA04DB}.Debug|Any CPU.Build.0 = Debug|Any CPU
		{26E3E9D2-E0F3-4C55-B23A-C3D532AA04DB}.Debug|x64.ActiveCfg = Debug|Any CPU
		{26E3E9D2-E0F3-4C55-B23A-C3D532AA04DB}.Debug|x64.Build.0 = Debug|Any CPU
		{26E3E9D2-E0F3-4C55-B23A-C3D532AA04DB}.Debug|x86.ActiveCfg = Debug|Any CPU
		{26E3E9D2-E0F3-4C55-B23A-C3D532AA04DB}.Debug|x86.Build.0 = Debug|Any CPU
		{26E3E9D2-E0F3-4C55-B23A-C3D532AA04DB}.Release|Any CPU.ActiveCfg = Release|Any CPU
		{26E3E9D2-E0F3-4C55-B23A-C3D532AA04DB}.Release|Any CPU.Build.0 = Release|Any CPU
		{26E3E9D2-E0F3-4C55-B23A-C3D532AA04DB}.Release|x64.ActiveCfg = Release|Any CPU
		{26E3E9D2-E0F3-4C55-B23A-C3D532AA04DB}.Release|x64.Build.0 = Release|Any CPU
		{26E3E9D2-E0F3-4C55-B23A-C3D532AA04DB}.Release|x86.ActiveCfg = Release|Any CPU
		{26E3E9D2-E0F3-4C55-B23A-C3D532AA04DB}.Release|x86.Build.0 = Release|Any CPU
	EndGlobalSection
	GlobalSection(SolutionProperties) = preSolution
		HideSolutionNode = FALSE
	EndGlobalSection
	GlobalSection(ExtensibilityGlobals) = postSolution
		SolutionGuid = {0EBC1CCA-0BFD-4D41-AE7E-1157EA73535D}
	EndGlobalSection
EndGlobal
